// !$*UTF8*$!
{
	archiveVersion = 1;
	classes = {
	};
	objectVersion = 50;
	objects = {

/* Begin PBXBuildFile section */
		294D0E53756DDDEC4257E7B9 /* libPods-MainProjectUITests.a in Frameworks */ = {isa = PBXBuildFile; fileRef = BFC6136C8AF57A79117E50F9 /* libPods-MainProjectUITests.a */; };
		4B8BB32B6748579EE16B2C0F /* libPods-MainProjectTests.a in Frameworks */ = {isa = PBXBuildFile; fileRef = F1107CEF7FE9599B27F0D05F /* libPods-MainProjectTests.a */; };
		84AD507922658520009FEADB /* AppDelegate.m in Sources */ = {isa = PBXBuildFile; fileRef = 84AD507822658520009FEADB /* AppDelegate.m */; };
		84AD507C22658520009FEADB /* ViewController.m in Sources */ = {isa = PBXBuildFile; fileRef = 84AD507B22658520009FEADB /* ViewController.m */; };
		84AD507F22658521009FEADB /* Main.storyboard in Resources */ = {isa = PBXBuildFile; fileRef = 84AD507D22658521009FEADB /* Main.storyboard */; };
		84AD50812265852B009FEADB /* Assets.xcassets in Resources */ = {isa = PBXBuildFile; fileRef = 84AD50802265852B009FEADB /* Assets.xcassets */; };
		84AD50842265852B009FEADB /* LaunchScreen.storyboard in Resources */ = {isa = PBXBuildFile; fileRef = 84AD50822265852B009FEADB /* LaunchScreen.storyboard */; };
		84AD50872265852B009FEADB /* main.m in Sources */ = {isa = PBXBuildFile; fileRef = 84AD50862265852B009FEADB /* main.m */; };
		84AD50912265852B009FEADB /* MainProjectTests.m in Sources */ = {isa = PBXBuildFile; fileRef = 84AD50902265852B009FEADB /* MainProjectTests.m */; };
		84AD509C2265852B009FEADB /* MainProjectUITests.m in Sources */ = {isa = PBXBuildFile; fileRef = 84AD509B2265852B009FEADB /* MainProjectUITests.m */; };
		BEDD5171583E5D792286F811 /* libPods-MainProject.a in Frameworks */ = {isa = PBXBuildFile; fileRef = FF3CE319CF26449B32D1E7E0 /* libPods-MainProject.a */; };
/* End PBXBuildFile section */

/* Begin PBXContainerItemProxy section */
		84AD508D2265852B009FEADB /* PBXContainerItemProxy */ = {
			isa = PBXContainerItemProxy;
			containerPortal = 84AD506C22658520009FEADB /* Project object */;
			proxyType = 1;
			remoteGlobalIDString = 84AD507322658520009FEADB;
			remoteInfo = MainProject;
		};
		84AD50982265852B009FEADB /* PBXContainerItemProxy */ = {
			isa = PBXContainerItemProxy;
			containerPortal = 84AD506C22658520009FEADB /* Project object */;
			proxyType = 1;
			remoteGlobalIDString = 84AD507322658520009FEADB;
			remoteInfo = MainProject;
		};
/* End PBXContainerItemProxy section */

/* Begin PBXFileReference section */
		078F32AD28F40AFC4B99C299 /* Pods-MainProject.debug.xcconfig */ = {isa = PBXFileReference; includeInIndex = 1; lastKnownFileType = text.xcconfig; name = "Pods-MainProject.debug.xcconfig"; path = "Target Support Files/Pods-MainProject/Pods-MainProject.debug.xcconfig"; sourceTree = "<group>"; };
		0805F01C22BCA12086053695 /* Pods-MainProject.release.xcconfig */ = {isa = PBXFileReference; includeInIndex = 1; lastKnownFileType = text.xcconfig; name = "Pods-MainProject.release.xcconfig"; path = "Target Support Files/Pods-MainProject/Pods-MainProject.release.xcconfig"; sourceTree = "<group>"; };
		84AD507422658520009FEADB /* MainProject.app */ = {isa = PBXFileReference; explicitFileType = wrapper.application; includeInIndex = 0; path = MainProject.app; sourceTree = BUILT_PRODUCTS_DIR; };
		84AD507722658520009FEADB /* AppDelegate.h */ = {isa = PBXFileReference; lastKnownFileType = sourcecode.c.h; path = AppDelegate.h; sourceTree = "<group>"; };
		84AD507822658520009FEADB /* AppDelegate.m */ = {isa = PBXFileReference; lastKnownFileType = sourcecode.c.objc; path = AppDelegate.m; sourceTree = "<group>"; };
		84AD507A22658520009FEADB /* ViewController.h */ = {isa = PBXFileReference; lastKnownFileType = sourcecode.c.h; path = ViewController.h; sourceTree = "<group>"; };
		84AD507B22658520009FEADB /* ViewController.m */ = {isa = PBXFileReference; lastKnownFileType = sourcecode.c.objc; path = ViewController.m; sourceTree = "<group>"; };
		84AD507E22658521009FEADB /* Base */ = {isa = PBXFileReference; lastKnownFileType = file.storyboard; name = Base; path = Base.lproj/Main.storyboard; sourceTree = "<group>"; };
		84AD50802265852B009FEADB /* Assets.xcassets */ = {isa = PBXFileReference; lastKnownFileType = folder.assetcatalog; path = Assets.xcassets; sourceTree = "<group>"; };
		84AD50832265852B009FEADB /* Base */ = {isa = PBXFileReference; lastKnownFileType = file.storyboard; name = Base; path = Base.lproj/LaunchScreen.storyboard; sourceTree = "<group>"; };
		84AD50852265852B009FEADB /* Info.plist */ = {isa = PBXFileReference; lastKnownFileType = text.plist.xml; path = Info.plist; sourceTree = "<group>"; };
		84AD50862265852B009FEADB /* main.m */ = {isa = PBXFileReference; lastKnownFileType = sourcecode.c.objc; path = main.m; sourceTree = "<group>"; };
		84AD508C2265852B009FEADB /* MainProjectTests.xctest */ = {isa = PBXFileReference; explicitFileType = wrapper.cfbundle; includeInIndex = 0; path = MainProjectTests.xctest; sourceTree = BUILT_PRODUCTS_DIR; };
		84AD50902265852B009FEADB /* MainProjectTests.m */ = {isa = PBXFileReference; lastKnownFileType = sourcecode.c.objc; path = MainProjectTests.m; sourceTree = "<group>"; };
		84AD50922265852B009FEADB /* Info.plist */ = {isa = PBXFileReference; lastKnownFileType = text.plist.xml; path = Info.plist; sourceTree = "<group>"; };
		84AD50972265852B009FEADB /* MainProjectUITests.xctest */ = {isa = PBXFileReference; explicitFileType = wrapper.cfbundle; includeInIndex = 0; path = MainProjectUITests.xctest; sourceTree = BUILT_PRODUCTS_DIR; };
		84AD509B2265852B009FEADB /* MainProjectUITests.m */ = {isa = PBXFileReference; lastKnownFileType = sourcecode.c.objc; path = MainProjectUITests.m; sourceTree = "<group>"; };
		84AD509D2265852B009FEADB /* Info.plist */ = {isa = PBXFileReference; lastKnownFileType = text.plist.xml; path = Info.plist; sourceTree = "<group>"; };
		904DB77EE0E25045C3F563DE /* Pods-MainProjectTests.release.xcconfig */ = {isa = PBXFileReference; includeInIndex = 1; lastKnownFileType = text.xcconfig; name = "Pods-MainProjectTests.release.xcconfig"; path = "Target Support Files/Pods-MainProjectTests/Pods-MainProjectTests.release.xcconfig"; sourceTree = "<group>"; };
		A47DC3B7A898C173313DAFE8 /* Pods-MainProjectUITests.release.xcconfig */ = {isa = PBXFileReference; includeInIndex = 1; lastKnownFileType = text.xcconfig; name = "Pods-MainProjectUITests.release.xcconfig"; path = "Target Support Files/Pods-MainProjectUITests/Pods-MainProjectUITests.release.xcconfig"; sourceTree = "<group>"; };
		BFC6136C8AF57A79117E50F9 /* libPods-MainProjectUITests.a */ = {isa = PBXFileReference; explicitFileType = archive.ar; includeInIndex = 0; path = "libPods-MainProjectUITests.a"; sourceTree = BUILT_PRODUCTS_DIR; };
		D73F53596360AE1A0CF9BC27 /* Pods-MainProjectUITests.debug.xcconfig */ = {isa = PBXFileReference; includeInIndex = 1; lastKnownFileType = text.xcconfig; name = "Pods-MainProjectUITests.debug.xcconfig"; path = "Target Support Files/Pods-MainProjectUITests/Pods-MainProjectUITests.debug.xcconfig"; sourceTree = "<group>"; };
		E80B6AF893A43D01F852B4D0 /* Pods-MainProjectTests.debug.xcconfig */ = {isa = PBXFileReference; includeInIndex = 1; lastKnownFileType = text.xcconfig; name = "Pods-MainProjectTests.debug.xcconfig"; path = "Target Support Files/Pods-MainProjectTests/Pods-MainProjectTests.debug.xcconfig"; sourceTree = "<group>"; };
		F1107CEF7FE9599B27F0D05F /* libPods-MainProjectTests.a */ = {isa = PBXFileReference; explicitFileType = archive.ar; includeInIndex = 0; path = "libPods-MainProjectTests.a"; sourceTree = BUILT_PRODUCTS_DIR; };
		FF3CE319CF26449B32D1E7E0 /* libPods-MainProject.a */ = {isa = PBXFileReference; explicitFileType = archive.ar; includeInIndex = 0; path = "libPods-MainProject.a"; sourceTree = BUILT_PRODUCTS_DIR; };
/* End PBXFileReference section */

/* Begin PBXFrameworksBuildPhase section */
		84AD507122658520009FEADB /* Frameworks */ = {
			isa = PBXFrameworksBuildPhase;
			buildActionMask = 2147483647;
			files = (
				BEDD5171583E5D792286F811 /* libPods-MainProject.a in Frameworks */,
			);
			runOnlyForDeploymentPostprocessing = 0;
		};
		84AD50892265852B009FEADB /* Frameworks */ = {
			isa = PBXFrameworksBuildPhase;
			buildActionMask = 2147483647;
			files = (
				4B8BB32B6748579EE16B2C0F /* libPods-MainProjectTests.a in Frameworks */,
			);
			runOnlyForDeploymentPostprocessing = 0;
		};
		84AD50942265852B009FEADB /* Frameworks */ = {
			isa = PBXFrameworksBuildPhase;
			buildActionMask = 2147483647;
			files = (
				294D0E53756DDDEC4257E7B9 /* libPods-MainProjectUITests.a in Frameworks */,
			);
			runOnlyForDeploymentPostprocessing = 0;
		};
/* End PBXFrameworksBuildPhase section */

/* Begin PBXGroup section */
		278CDE16DD659F9AC4EEBC0C /* Pods */ = {
			isa = PBXGroup;
			children = (
				078F32AD28F40AFC4B99C299 /* Pods-MainProject.debug.xcconfig */,
				0805F01C22BCA12086053695 /* Pods-MainProject.release.xcconfig */,
				E80B6AF893A43D01F852B4D0 /* Pods-MainProjectTests.debug.xcconfig */,
				904DB77EE0E25045C3F563DE /* Pods-MainProjectTests.release.xcconfig */,
				D73F53596360AE1A0CF9BC27 /* Pods-MainProjectUITests.debug.xcconfig */,
				A47DC3B7A898C173313DAFE8 /* Pods-MainProjectUITests.release.xcconfig */,
			);
			name = Pods;
			path = Pods;
			sourceTree = "<group>";
		};
		5BC3E26C04D085E832AAD24B /* Frameworks */ = {
			isa = PBXGroup;
			children = (
				FF3CE319CF26449B32D1E7E0 /* libPods-MainProject.a */,
				F1107CEF7FE9599B27F0D05F /* libPods-MainProjectTests.a */,
				BFC6136C8AF57A79117E50F9 /* libPods-MainProjectUITests.a */,
			);
			name = Frameworks;
			sourceTree = "<group>";
		};
		84AD506B22658520009FEADB = {
			isa = PBXGroup;
			children = (
				84AD507622658520009FEADB /* MainProject */,
				84AD508F2265852B009FEADB /* MainProjectTests */,
				84AD509A2265852B009FEADB /* MainProjectUITests */,
				84AD507522658520009FEADB /* Products */,
				278CDE16DD659F9AC4EEBC0C /* Pods */,
				5BC3E26C04D085E832AAD24B /* Frameworks */,
			);
			sourceTree = "<group>";
		};
		84AD507522658520009FEADB /* Products */ = {
			isa = PBXGroup;
			children = (
				84AD507422658520009FEADB /* MainProject.app */,
				84AD508C2265852B009FEADB /* MainProjectTests.xctest */,
				84AD50972265852B009FEADB /* MainProjectUITests.xctest */,
			);
			name = Products;
			sourceTree = "<group>";
		};
		84AD507622658520009FEADB /* MainProject */ = {
			isa = PBXGroup;
			children = (
				84AD507722658520009FEADB /* AppDelegate.h */,
				84AD507822658520009FEADB /* AppDelegate.m */,
				84AD507A22658520009FEADB /* ViewController.h */,
				84AD507B22658520009FEADB /* ViewController.m */,
				84AD507D22658521009FEADB /* Main.storyboard */,
				84AD50802265852B009FEADB /* Assets.xcassets */,
				84AD50822265852B009FEADB /* LaunchScreen.storyboard */,
				84AD50852265852B009FEADB /* Info.plist */,
				84AD50862265852B009FEADB /* main.m */,
			);
			path = MainProject;
			sourceTree = "<group>";
		};
		84AD508F2265852B009FEADB /* MainProjectTests */ = {
			isa = PBXGroup;
			children = (
				84AD50902265852B009FEADB /* MainProjectTests.m */,
				84AD50922265852B009FEADB /* Info.plist */,
			);
			path = MainProjectTests;
			sourceTree = "<group>";
		};
		84AD509A2265852B009FEADB /* MainProjectUITests */ = {
			isa = PBXGroup;
			children = (
				84AD509B2265852B009FEADB /* MainProjectUITests.m */,
				84AD509D2265852B009FEADB /* Info.plist */,
			);
			path = MainProjectUITests;
			sourceTree = "<group>";
		};
/* End PBXGroup section */

/* Begin PBXNativeTarget section */
		84AD507322658520009FEADB /* MainProject */ = {
			isa = PBXNativeTarget;
			buildConfigurationList = 84AD50A02265852B009FEADB /* Build configuration list for PBXNativeTarget "MainProject" */;
			buildPhases = (
				F48007E30C598BCFBFA0D124 /* [CP] Check Pods Manifest.lock */,
				84AD507022658520009FEADB /* Sources */,
				84AD507122658520009FEADB /* Frameworks */,
				84AD507222658520009FEADB /* Resources */,
				F057DB9CB6C9C8DDAC7C91E0 /* [CP] Copy Pods Resources */,
			);
			buildRules = (
			);
			dependencies = (
			);
			name = MainProject;
			productName = MainProject;
			productReference = 84AD507422658520009FEADB /* MainProject.app */;
			productType = "com.apple.product-type.application";
		};
		84AD508B2265852B009FEADB /* MainProjectTests */ = {
			isa = PBXNativeTarget;
			buildConfigurationList = 84AD50A32265852B009FEADB /* Build configuration list for PBXNativeTarget "MainProjectTests" */;
			buildPhases = (
				AF897DEB450E0CA962B2D4E2 /* [CP] Check Pods Manifest.lock */,
				84AD50882265852B009FEADB /* Sources */,
				84AD50892265852B009FEADB /* Frameworks */,
				84AD508A2265852B009FEADB /* Resources */,
			);
			buildRules = (
			);
			dependencies = (
				84AD508E2265852B009FEADB /* PBXTargetDependency */,
			);
			name = MainProjectTests;
			productName = MainProjectTests;
			productReference = 84AD508C2265852B009FEADB /* MainProjectTests.xctest */;
			productType = "com.apple.product-type.bundle.unit-test";
		};
		84AD50962265852B009FEADB /* MainProjectUITests */ = {
			isa = PBXNativeTarget;
			buildConfigurationList = 84AD50A62265852B009FEADB /* Build configuration list for PBXNativeTarget "MainProjectUITests" */;
			buildPhases = (
				02B994CD742FCB117C15AAA5 /* [CP] Check Pods Manifest.lock */,
				84AD50932265852B009FEADB /* Sources */,
				84AD50942265852B009FEADB /* Frameworks */,
				84AD50952265852B009FEADB /* Resources */,
			);
			buildRules = (
			);
			dependencies = (
				84AD50992265852B009FEADB /* PBXTargetDependency */,
			);
			name = MainProjectUITests;
			productName = MainProjectUITests;
			productReference = 84AD50972265852B009FEADB /* MainProjectUITests.xctest */;
			productType = "com.apple.product-type.bundle.ui-testing";
		};
/* End PBXNativeTarget section */

/* Begin PBXProject section */
		84AD506C22658520009FEADB /* Project object */ = {
			isa = PBXProject;
			attributes = {
				LastUpgradeCheck = 1010;
				ORGANIZATIONNAME = admin;
				TargetAttributes = {
					84AD507322658520009FEADB = {
						CreatedOnToolsVersion = 10.1;
					};
					84AD508B2265852B009FEADB = {
						CreatedOnToolsVersion = 10.1;
						TestTargetID = 84AD507322658520009FEADB;
					};
					84AD50962265852B009FEADB = {
						CreatedOnToolsVersion = 10.1;
						TestTargetID = 84AD507322658520009FEADB;
					};
				};
			};
			buildConfigurationList = 84AD506F22658520009FEADB /* Build configuration list for PBXProject "MainProject" */;
			compatibilityVersion = "Xcode 9.3";
			developmentRegion = en;
			hasScannedForEncodings = 0;
			knownRegions = (
				en,
				Base,
			);
			mainGroup = 84AD506B22658520009FEADB;
			productRefGroup = 84AD507522658520009FEADB /* Products */;
			projectDirPath = "";
			projectRoot = "";
			targets = (
				84AD507322658520009FEADB /* MainProject */,
				84AD508B2265852B009FEADB /* MainProjectTests */,
				84AD50962265852B009FEADB /* MainProjectUITests */,
			);
		};
/* End PBXProject section */

/* Begin PBXResourcesBuildPhase section */
		84AD507222658520009FEADB /* Resources */ = {
			isa = PBXResourcesBuildPhase;
			buildActionMask = 2147483647;
			files = (
				84AD50842265852B009FEADB /* LaunchScreen.storyboard in Resources */,
				84AD50812265852B009FEADB /* Assets.xcassets in Resources */,
				84AD507F22658521009FEADB /* Main.storyboard in Resources */,
			);
			runOnlyForDeploymentPostprocessing = 0;
		};
		84AD508A2265852B009FEADB /* Resources */ = {
			isa = PBXResourcesBuildPhase;
			buildActionMask = 2147483647;
			files = (
			);
			runOnlyForDeploymentPostprocessing = 0;
		};
		84AD50952265852B009FEADB /* Resources */ = {
			isa = PBXResourcesBuildPhase;
			buildActionMask = 2147483647;
			files = (
			);
			runOnlyForDeploymentPostprocessing = 0;
		};
/* End PBXResourcesBuildPhase section */

/* Begin PBXShellScriptBuildPhase section */
		02B994CD742FCB117C15AAA5 /* [CP] Check Pods Manifest.lock */ = {
			isa = PBXShellScriptBuildPhase;
			buildActionMask = 2147483647;
			files = (
			);
			inputFileListPaths = (
			);
			inputPaths = (
				"${PODS_PODFILE_DIR_PATH}/Podfile.lock",
				"${PODS_ROOT}/Manifest.lock",
			);
			name = "[CP] Check Pods Manifest.lock";
			outputFileListPaths = (
			);
			outputPaths = (
				"$(DERIVED_FILE_DIR)/Pods-MainProjectUITests-checkManifestLockResult.txt",
			);
			runOnlyForDeploymentPostprocessing = 0;
			shellPath = /bin/sh;
			shellScript = "diff \"${PODS_PODFILE_DIR_PATH}/Podfile.lock\" \"${PODS_ROOT}/Manifest.lock\" > /dev/null\nif [ $? != 0 ] ; then\n    # print error to STDERR\n    echo \"error: The sandbox is not in sync with the Podfile.lock. Run 'pod install' or update your CocoaPods installation.\" >&2\n    exit 1\nfi\n# This output is used by Xcode 'outputs' to avoid re-running this script phase.\necho \"SUCCESS\" > \"${SCRIPT_OUTPUT_FILE_0}\"\n";
			showEnvVarsInLog = 0;
		};
		AF897DEB450E0CA962B2D4E2 /* [CP] Check Pods Manifest.lock */ = {
			isa = PBXShellScriptBuildPhase;
			buildActionMask = 2147483647;
			files = (
			);
			inputFileListPaths = (
			);
			inputPaths = (
				"${PODS_PODFILE_DIR_PATH}/Podfile.lock",
				"${PODS_ROOT}/Manifest.lock",
			);
			name = "[CP] Check Pods Manifest.lock";
			outputFileListPaths = (
			);
			outputPaths = (
				"$(DERIVED_FILE_DIR)/Pods-MainProjectTests-checkManifestLockResult.txt",
			);
			runOnlyForDeploymentPostprocessing = 0;
			shellPath = /bin/sh;
			shellScript = "diff \"${PODS_PODFILE_DIR_PATH}/Podfile.lock\" \"${PODS_ROOT}/Manifest.lock\" > /dev/null\nif [ $? != 0 ] ; then\n    # print error to STDERR\n    echo \"error: The sandbox is not in sync with the Podfile.lock. Run 'pod install' or update your CocoaPods installation.\" >&2\n    exit 1\nfi\n# This output is used by Xcode 'outputs' to avoid re-running this script phase.\necho \"SUCCESS\" > \"${SCRIPT_OUTPUT_FILE_0}\"\n";
			showEnvVarsInLog = 0;
		};
		F057DB9CB6C9C8DDAC7C91E0 /* [CP] Copy Pods Resources */ = {
			isa = PBXShellScriptBuildPhase;
			buildActionMask = 2147483647;
			files = (
			);
			inputFileListPaths = (
			);
			inputPaths = (
				"${PODS_ROOT}/Target Support Files/Pods-MainProject/Pods-MainProject-resources.sh",
				"${PODS_ROOT}/SVProgressHUD/SVProgressHUD/SVProgressHUD.bundle",
			);
			name = "[CP] Copy Pods Resources";
			outputFileListPaths = (
			);
			outputPaths = (
				"${TARGET_BUILD_DIR}/${UNLOCALIZED_RESOURCES_FOLDER_PATH}/SVProgressHUD.bundle",
			);
			runOnlyForDeploymentPostprocessing = 0;
			shellPath = /bin/sh;
			shellScript = "\"${PODS_ROOT}/Target Support Files/Pods-MainProject/Pods-MainProject-resources.sh\"\n";
			showEnvVarsInLog = 0;
		};
		F48007E30C598BCFBFA0D124 /* [CP] Check Pods Manifest.lock */ = {
			isa = PBXShellScriptBuildPhase;
			buildActionMask = 2147483647;
			files = (
			);
			inputFileListPaths = (
			);
			inputPaths = (
				"${PODS_PODFILE_DIR_PATH}/Podfile.lock",
				"${PODS_ROOT}/Manifest.lock",
			);
			name = "[CP] Check Pods Manifest.lock";
			outputFileListPaths = (
			);
			outputPaths = (
				"$(DERIVED_FILE_DIR)/Pods-MainProject-checkManifestLockResult.txt",
			);
			runOnlyForDeploymentPostprocessing = 0;
			shellPath = /bin/sh;
			shellScript = "diff \"${PODS_PODFILE_DIR_PATH}/Podfile.lock\" \"${PODS_ROOT}/Manifest.lock\" > /dev/null\nif [ $? != 0 ] ; then\n    # print error to STDERR\n    echo \"error: The sandbox is not in sync with the Podfile.lock. Run 'pod install' or update your CocoaPods installation.\" >&2\n    exit 1\nfi\n# This output is used by Xcode 'outputs' to avoid re-running this script phase.\necho \"SUCCESS\" > \"${SCRIPT_OUTPUT_FILE_0}\"\n";
			showEnvVarsInLog = 0;
		};
/* End PBXShellScriptBuildPhase section */

/* Begin PBXSourcesBuildPhase section */
		84AD507022658520009FEADB /* Sources */ = {
			isa = PBXSourcesBuildPhase;
			buildActionMask = 2147483647;
			files = (
				84AD507C22658520009FEADB /* ViewController.m in Sources */,
				84AD50872265852B009FEADB /* main.m in Sources */,
				84AD507922658520009FEADB /* AppDelegate.m in Sources */,
			);
			runOnlyForDeploymentPostprocessing = 0;
		};
		84AD50882265852B009FEADB /* Sources */ = {
			isa = PBXSourcesBuildPhase;
			buildActionMask = 2147483647;
			files = (
				84AD50912265852B009FEADB /* MainProjectTests.m in Sources */,
			);
			runOnlyForDeploymentPostprocessing = 0;
		};
		84AD50932265852B009FEADB /* Sources */ = {
			isa = PBXSourcesBuildPhase;
			buildActionMask = 2147483647;
			files = (
				84AD509C2265852B009FEADB /* MainProjectUITests.m in Sources */,
			);
			runOnlyForDeploymentPostprocessing = 0;
		};
/* End PBXSourcesBuildPhase section */

/* Begin PBXTargetDependency section */
		84AD508E2265852B009FEADB /* PBXTargetDependency */ = {
			isa = PBXTargetDependency;
			target = 84AD507322658520009FEADB /* MainProject */;
			targetProxy = 84AD508D2265852B009FEADB /* PBXContainerItemProxy */;
		};
		84AD50992265852B009FEADB /* PBXTargetDependency */ = {
			isa = PBXTargetDependency;
			target = 84AD507322658520009FEADB /* MainProject */;
			targetProxy = 84AD50982265852B009FEADB /* PBXContainerItemProxy */;
		};
/* End PBXTargetDependency section */

/* Begin PBXVariantGroup section */
		84AD507D22658521009FEADB /* Main.storyboard */ = {
			isa = PBXVariantGroup;
			children = (
				84AD507E22658521009FEADB /* Base */,
			);
			name = Main.storyboard;
			sourceTree = "<group>";
		};
		84AD50822265852B009FEADB /* LaunchScreen.storyboard */ = {
			isa = PBXVariantGroup;
			children = (
				84AD50832265852B009FEADB /* Base */,
			);
			name = LaunchScreen.storyboard;
			sourceTree = "<group>";
		};
/* End PBXVariantGroup section */

/* Begin XCBuildConfiguration section */
		84AD509E2265852B009FEADB /* Debug */ = {
			isa = XCBuildConfiguration;
			buildSettings = {
				ALWAYS_SEARCH_USER_PATHS = NO;
				CLANG_ANALYZER_NONNULL = YES;
				CLANG_ANALYZER_NUMBER_OBJECT_CONVERSION = YES_AGGRESSIVE;
				CLANG_CXX_LANGUAGE_STANDARD = "gnu++14";
				CLANG_CXX_LIBRARY = "libc++";
				CLANG_ENABLE_MODULES = YES;
				CLANG_ENABLE_OBJC_ARC = YES;
				CLANG_ENABLE_OBJC_WEAK = YES;
				CLANG_WARN_BLOCK_CAPTURE_AUTORELEASING = YES;
				CLANG_WARN_BOOL_CONVERSION = YES;
				CLANG_WARN_COMMA = YES;
				CLANG_WARN_CONSTANT_CONVERSION = YES;
				CLANG_WARN_DEPRECATED_OBJC_IMPLEMENTATIONS = YES;
				CLANG_WARN_DIRECT_OBJC_ISA_USAGE = YES_ERROR;
				CLANG_WARN_DOCUMENTATION_COMMENTS = YES;
				CLANG_WARN_EMPTY_BODY = YES;
				CLANG_WARN_ENUM_CONVERSION = YES;
				CLANG_WARN_INFINITE_RECURSION = YES;
				CLANG_WARN_INT_CONVERSION = YES;
				CLANG_WARN_NON_LITERAL_NULL_CONVERSION = YES;
				CLANG_WARN_OBJC_IMPLICIT_RETAIN_SELF = YES;
				CLANG_WARN_OBJC_LITERAL_CONVERSION = YES;
				CLANG_WARN_OBJC_ROOT_CLASS = YES_ERROR;
				CLANG_WARN_RANGE_LOOP_ANALYSIS = YES;
				CLANG_WARN_STRICT_PROTOTYPES = YES;
				CLANG_WARN_SUSPICIOUS_MOVE = YES;
				CLANG_WARN_UNGUARDED_AVAILABILITY = YES_AGGRESSIVE;
				CLANG_WARN_UNREACHABLE_CODE = YES;
				CLANG_WARN__DUPLICATE_METHOD_MATCH = YES;
				CODE_SIGN_IDENTITY = "iPhone Developer";
				COPY_PHASE_STRIP = NO;
				DEBUG_INFORMATION_FORMAT = dwarf;
				ENABLE_STRICT_OBJC_MSGSEND = YES;
				ENABLE_TESTABILITY = YES;
				GCC_C_LANGUAGE_STANDARD = gnu11;
				GCC_DYNAMIC_NO_PIC = NO;
				GCC_NO_COMMON_BLOCKS = YES;
				GCC_OPTIMIZATION_LEVEL = 0;
				GCC_PREPROCESSOR_DEFINITIONS = (
					"DEBUG=1",
					"$(inherited)",
				);
				GCC_WARN_64_TO_32_BIT_CONVERSION = YES;
				GCC_WARN_ABOUT_RETURN_TYPE = YES_ERROR;
				GCC_WARN_UNDECLARED_SELECTOR = YES;
				GCC_WARN_UNINITIALIZED_AUTOS = YES_AGGRESSIVE;
				GCC_WARN_UNUSED_FUNCTION = YES;
				GCC_WARN_UNUSED_VARIABLE = YES;
				IPHONEOS_DEPLOYMENT_TARGET = 12.1;
				MTL_ENABLE_DEBUG_INFO = INCLUDE_SOURCE;
				MTL_FAST_MATH = YES;
				ONLY_ACTIVE_ARCH = YES;
				SDKROOT = iphoneos;
			};
			name = Debug;
		};
		84AD509F2265852B009FEADB /* Release */ = {
			isa = XCBuildConfiguration;
			buildSettings = {
				ALWAYS_SEARCH_USER_PATHS = NO;
				CLANG_ANALYZER_NONNULL = YES;
				CLANG_ANALYZER_NUMBER_OBJECT_CONVERSION = YES_AGGRESSIVE;
				CLANG_CXX_LANGUAGE_STANDARD = "gnu++14";
				CLANG_CXX_LIBRARY = "libc++";
				CLANG_ENABLE_MODULES = YES;
				CLANG_ENABLE_OBJC_ARC = YES;
				CLANG_ENABLE_OBJC_WEAK = YES;
				CLANG_WARN_BLOCK_CAPTURE_AUTORELEASING = YES;
				CLANG_WARN_BOOL_CONVERSION = YES;
				CLANG_WARN_COMMA = YES;
				CLANG_WARN_CONSTANT_CONVERSION = YES;
				CLANG_WARN_DEPRECATED_OBJC_IMPLEMENTATIONS = YES;
				CLANG_WARN_DIRECT_OBJC_ISA_USAGE = YES_ERROR;
				CLANG_WARN_DOCUMENTATION_COMMENTS = YES;
				CLANG_WARN_EMPTY_BODY = YES;
				CLANG_WARN_ENUM_CONVERSION = YES;
				CLANG_WARN_INFINITE_RECURSION = YES;
				CLANG_WARN_INT_CONVERSION = YES;
				CLANG_WARN_NON_LITERAL_NULL_CONVERSION = YES;
				CLANG_WARN_OBJC_IMPLICIT_RETAIN_SELF = YES;
				CLANG_WARN_OBJC_LITERAL_CONVERSION = YES;
				CLANG_WARN_OBJC_ROOT_CLASS = YES_ERROR;
				CLANG_WARN_RANGE_LOOP_ANALYSIS = YES;
				CLANG_WARN_STRICT_PROTOTYPES = YES;
				CLANG_WARN_SUSPICIOUS_MOVE = YES;
				CLANG_WARN_UNGUARDED_AVAILABILITY = YES_AGGRESSIVE;
				CLANG_WARN_UNREACHABLE_CODE = YES;
				CLANG_WARN__DUPLICATE_METHOD_MATCH = YES;
				CODE_SIGN_IDENTITY = "iPhone Developer";
				COPY_PHASE_STRIP = NO;
				DEBUG_INFORMATION_FORMAT = "dwarf-with-dsym";
				ENABLE_NS_ASSERTIONS = NO;
				ENABLE_STRICT_OBJC_MSGSEND = YES;
				GCC_C_LANGUAGE_STANDARD = gnu11;
				GCC_NO_COMMON_BLOCKS = YES;
				GCC_WARN_64_TO_32_BIT_CONVERSION = YES;
				GCC_WARN_ABOUT_RETURN_TYPE = YES_ERROR;
				GCC_WARN_UNDECLARED_SELECTOR = YES;
				GCC_WARN_UNINITIALIZED_AUTOS = YES_AGGRESSIVE;
				GCC_WARN_UNUSED_FUNCTION = YES;
				GCC_WARN_UNUSED_VARIABLE = YES;
				IPHONEOS_DEPLOYMENT_TARGET = 12.1;
				MTL_ENABLE_DEBUG_INFO = NO;
				MTL_FAST_MATH = YES;
				SDKROOT = iphoneos;
				VALIDATE_PRODUCT = YES;
			};
			name = Release;
		};
		84AD50A12265852B009FEADB /* Debug */ = {
			isa = XCBuildConfiguration;
			baseConfigurationReference = 078F32AD28F40AFC4B99C299 /* Pods-MainProject.debug.xcconfig */;
			buildSettings = {
				ASSETCATALOG_COMPILER_APPICON_NAME = AppIcon;
				CODE_SIGN_STYLE = Automatic;
				DEVELOPMENT_TEAM = PQM469J9QF;
				INFOPLIST_FILE = MainProject/Info.plist;
				LD_RUNPATH_SEARCH_PATHS = (
					"$(inherited)",
					"@executable_path/Frameworks",
				);
				PRODUCT_BUNDLE_IDENTIFIER = xushijie.MainProject;
				PRODUCT_NAME = "$(TARGET_NAME)";
				TARGETED_DEVICE_FAMILY = "1,2";
			};
			name = Debug;
		};
		84AD50A22265852B009FEADB /* Release */ = {
			isa = XCBuildConfiguration;
			baseConfigurationReference = 0805F01C22BCA12086053695 /* Pods-MainProject.release.xcconfig */;
			buildSettings = {
				ASSETCATALOG_COMPILER_APPICON_NAME = AppIcon;
				CODE_SIGN_STYLE = Automatic;
				DEVELOPMENT_TEAM = PQM469J9QF;
				INFOPLIST_FILE = MainProject/Info.plist;
				LD_RUNPATH_SEARCH_PATHS = (
					"$(inherited)",
					"@executable_path/Frameworks",
				);
				PRODUCT_BUNDLE_IDENTIFIER = xushijie.MainProject;
				PRODUCT_NAME = "$(TARGET_NAME)";
				TARGETED_DEVICE_FAMILY = "1,2";
			};
			name = Release;
		};
		84AD50A42265852B009FEADB /* Debug */ = {
			isa = XCBuildConfiguration;
			baseConfigurationReference = E80B6AF893A43D01F852B4D0 /* Pods-MainProjectTests.debug.xcconfig */;
			buildSettings = {
				BUNDLE_LOADER = "$(TEST_HOST)";
				CODE_SIGN_STYLE = Automatic;
				DEVELOPMENT_TEAM = PQM469J9QF;
				INFOPLIST_FILE = MainProjectTests/Info.plist;
				LD_RUNPATH_SEARCH_PATHS = (
					"$(inherited)",
					"@executable_path/Frameworks",
					"@loader_path/Frameworks",
				);
				PRODUCT_BUNDLE_IDENTIFIER = xushijie.MainProjectTests;
				PRODUCT_NAME = "$(TARGET_NAME)";
				TARGETED_DEVICE_FAMILY = "1,2";
				TEST_HOST = "$(BUILT_PRODUCTS_DIR)/MainProject.app/MainProject";
			};
			name = Debug;
		};
		84AD50A52265852B009FEADB /* Release */ = {
			isa = XCBuildConfiguration;
			baseConfigurationReference = 904DB77EE0E25045C3F563DE /* Pods-MainProjectTests.release.xcconfig */;
			buildSettings = {
				BUNDLE_LOADER = "$(TEST_HOST)";
				CODE_SIGN_STYLE = Automatic;
				DEVELOPMENT_TEAM = PQM469J9QF;
				INFOPLIST_FILE = MainProjectTests/Info.plist;
				LD_RUNPATH_SEARCH_PATHS = (
					"$(inherited)",
					"@executable_path/Frameworks",
					"@loader_path/Frameworks",
				);
				PRODUCT_BUNDLE_IDENTIFIER = xushijie.MainProjectTests;
				PRODUCT_NAME = "$(TARGET_NAME)";
				TARGETED_DEVICE_FAMILY = "1,2";
				TEST_HOST = "$(BUILT_PRODUCTS_DIR)/MainProject.app/MainProject";
			};
			name = Release;
		};
		84AD50A72265852B009FEADB /* Debug */ = {
			isa = XCBuildConfiguration;
			baseConfigurationReference = D73F53596360AE1A0CF9BC27 /* Pods-MainProjectUITests.debug.xcconfig */;
			buildSettings = {
				CODE_SIGN_STYLE = Automatic;
				DEVELOPMENT_TEAM = PQM469J9QF;
				INFOPLIST_FILE = MainProjectUITests/Info.plist;
				LD_RUNPATH_SEARCH_PATHS = (
					"$(inherited)",
					"@executable_path/Frameworks",
					"@loader_path/Frameworks",
				);
				PRODUCT_BUNDLE_IDENTIFIER = xushijie.MainProjectUITests;
				PRODUCT_NAME = "$(TARGET_NAME)";
				TARGETED_DEVICE_FAMILY = "1,2";
				TEST_TARGET_NAME = MainProject;
			};
			name = Debug;
		};
		84AD50A82265852B009FEADB /* Release */ = {
			isa = XCBuildConfiguration;
			baseConfigurationReference = A47DC3B7A898C173313DAFE8 /* Pods-MainProjectUITests.release.xcconfig */;
			buildSettings = {
				CODE_SIGN_STYLE = Automatic;
				DEVELOPMENT_TEAM = PQM469J9QF;
				INFOPLIST_FILE = MainProjectUITests/Info.plist;
				LD_RUNPATH_SEARCH_PATHS = (
					"$(inherited)",
					"@executable_path/Frameworks",
					"@loader_path/Frameworks",
				);
				PRODUCT_BUNDLE_IDENTIFIER = xushijie.MainProjectUITests;
				PRODUCT_NAME = "$(TARGET_NAME)";
				TARGETED_DEVICE_FAMILY = "1,2";
				TEST_TARGET_NAME = MainProject;
			};
			name = Release;
		};
/* End XCBuildConfiguration section */

/* Begin XCConfigurationList section */
		84AD506F22658520009FEADB /* Build configuration list for PBXProject "MainProject" */ = {
			isa = XCConfigurationList;
			buildConfigurations = (
				84AD509E2265852B009FEADB /* Debug */,
				84AD509F2265852B009FEADB /* Release */,
			);
			defaultConfigurationIsVisible = 0;
			defaultConfigurationName = Release;
		};
		84AD50A02265852B009FEADB /* Build configuration list for PBXNativeTarget "MainProject" */ = {
			isa = XCConfigurationList;
			buildConfigurations = (
				84AD50A12265852B009FEADB /* Debug */,
				84AD50A22265852B009FEADB /* Release */,
			);
			defaultConfigurationIsVisible = 0;
			defaultConfigurationName = Release;
		};
		84AD50A32265852B009FEADB /* Build configuration list for PBXNativeTarget "MainProjectTests" */ = {
			isa = XCConfigurationList;
			buildConfigurations = (
				84AD50A42265852B009FEADB /* Debug */,
				84AD50A52265852B009FEADB /* Release */,
			);
			defaultConfigurationIsVisible = 0;
			defaultConfigurationName = Release;
		};
		84AD50A62265852B009FEADB /* Build configuration list for PBXNativeTarget "MainProjectUITests" */ = {
			isa = XCConfigurationList;
			buildConfigurations = (
				84AD50A72265852B009FEADB /* Debug */,
				84AD50A82265852B009FEADB /* Release */,
			);
			defaultConfigurationIsVisible = 0;
			defaultConfigurationName = Release;
		};
/* End XCConfigurationList section */
	};
	rootObject = 84AD506C22658520009FEADB /* Project object */;
}
